{
  "name": "kts-node",
  "lockfileVersion": 2,
  "requires": true,
  "packages": {
    "": {
      "dependencies": {
        "graphviz-wasm": "^3.0.0"
      }
    },
    "node_modules/decode-base64": {
      "version": "3.0.1",
      "resolved": "https://registry.npmjs.org/decode-base64/-/decode-base64-3.0.1.tgz",
      "integrity": "sha512-IWgiXlMAdm9c4RrOnvkFxYpfZRlOys4Wxnc/QT72hVLUZKCr7RPkfamgn2GXysCo06Zd4TGZyKaPHO4soBgSAg==",
      "dependencies": {
        "node-buffer-encoding": "^1.0.1"
      }
    },
    "node_modules/graphviz-wasm": {
      "version": "3.0.0",
      "resolved": "https://registry.npmjs.org/graphviz-wasm/-/graphviz-wasm-3.0.0.tgz",
      "integrity": "sha512-WJZIQKRh+fLmdMIbG1+7KIFjCx3ccMOeOA9U25xf6DbAHyHxn6pu+vsHhn0EwVU8SmQWAwNwqT7doju6seIGFw==",
      "dependencies": {
        "decode-base64": "^3.0.0",
        "once": "npm:@fabiospampinato/once@2.0.0"
      }
    },
    "node_modules/node-buffer-encoding": {
      "version": "1.0.1",
      "resolved": "https://registry.npmjs.org/node-buffer-encoding/-/node-buffer-encoding-1.0.1.tgz",
      "integrity": "sha512-eklg9A4yXOlIZOIeV8D33gHZjw2g61TREuhucTM+/OR/xn4MXTZaV60fEYP+Lsa7C9bliJvvNrgkC6igafgKrw=="
    },
    "node_modules/once": {
      "name": "@fabiospampinato/once",
      "version": "2.0.0",
      "resolved": "https://registry.npmjs.org/@fabiospampinato/once/-/once-2.0.0.tgz",
      "integrity": "sha512-VJmruLTCTvb1+yYlGLupECCGAsz7bwB1ZRzx6AxdVpJ9YfXkWIRnoIWl4c3aWvPOWcgUQI2cqunTHjLCAZTrSA=="
    }
  },
  "dependencies": {
    "decode-base64": {
      "version": "3.0.1",
      "resolved": "https://registry.npmjs.org/decode-base64/-/decode-base64-3.0.1.tgz",
      "integrity": "sha512-IWgiXlMAdm9c4RrOnvkFxYpfZRlOys4Wxnc/QT72hVLUZKCr7RPkfamgn2GXysCo06Zd4TGZyKaPHO4soBgSAg==",
      "requires": {
        "node-buffer-encoding": "^1.0.1"
      }
    },
    "graphviz-wasm": {
      "version": "3.0.0",
      "resolved": "https://registry.npmjs.org/graphviz-wasm/-/graphviz-wasm-3.0.0.tgz",
      "integrity": "sha512-WJZIQKRh+fLmdMIbG1+7KIFjCx3ccMOeOA9U25xf6DbAHyHxn6pu+vsHhn0EwVU8SmQWAwNwqT7doju6seIGFw==",
      "requires": {
        "decode-base64": "^3.0.0",
        "once": "npm:@fabiospampinato/once@2.0.0"
      }
    },
    "node-buffer-encoding": {
      "version": "1.0.1",
      "resolved": "https://registry.npmjs.org/node-buffer-encoding/-/node-buffer-encoding-1.0.1.tgz",
      "integrity": "sha512-eklg9A4yXOlIZOIeV8D33gHZjw2g61TREuhucTM+/OR/xn4MXTZaV60fEYP+Lsa7C9bliJvvNrgkC6igafgKrw=="
    },
    "once": {
      "version": "npm:@fabiospampinato/once@2.0.0",
      "resolved": "https://registry.npmjs.org/@fabiospampinato/once/-/once-2.0.0.tgz",
      "integrity": "sha512-VJmruLTCTvb1+yYlGLupECCGAsz7bwB1ZRzx6AxdVpJ9YfXkWIRnoIWl4c3aWvPOWcgUQI2cqunTHjLCAZTrSA=="
    }
  }
}
